
Microsoft Visual Studio Solution File, Format Version 12.00
# Visual Studio 15
VisualStudioVersion = 15.0.26606.0
MinimumVisualStudioVersion = 10.0.40219.1
Project("{D954291E-2A0B-460D-934E-DC6B0785DB48}") = "XamarinFormsTest", "XamarinFormsTest\XamarinFormsTest\XamarinFormsTest.shproj", "{A2C86B4F-2F01-44A5-8CAD-6CEFF068B35B}"
EndProject
Project("{FAE04EC0-301F-11D3-BF4B-00C04F79EFBC}") = "XamarinFormsTest.Android", "XamarinFormsTest\XamarinFormsTest.Android\XamarinFormsTest.Android.csproj", "{019CAA8A-83CE-4501-9B09-B0D91521EBC3}"
EndProject
Project("{FAE04EC0-301F-11D3-BF4B-00C04F79EFBC}") = "XamarinFormsTest.iOS", "XamarinFormsTest\XamarinFormsTest.iOS\XamarinFormsTest.iOS.csproj", "{4010E838-E1EF-4B4B-ADE9-66203F9178EB}"
EndProject
Project("{FAE04EC0-301F-11D3-BF4B-00C04F79EFBC}") = "XamarinFormsTest.UWP", "XamarinFormsTest\XamarinFormsTest.UWP\XamarinFormsTest.UWP.csproj", "{B925DF22-4052-4712-AEA8-38AA20C5639F}"
EndProject
Global
	GlobalSection(SharedMSBuildProjectFiles) = preSolution
		XamarinFormsTest\XamarinFormsTest\XamarinFormsTest.projitems*{019caa8a-83ce-4501-9b09-b0d91521ebc3}*SharedItemsImports = 4
		XamarinFormsTest\XamarinFormsTest\XamarinFormsTest.projitems*{4010e838-e1ef-4b4b-ade9-66203f9178eb}*SharedItemsImports = 4
		XamarinFormsTest\XamarinFormsTest\XamarinFormsTest.projitems*{a2c86b4f-2f01-44a5-8cad-6ceff068b35b}*SharedItemsImports = 13
	EndGlobalSection
	GlobalSection(SolutionConfigurationPlatforms) = preSolution
		Ad-Hoc|Any CPU = Ad-Hoc|Any CPU
		Ad-Hoc|ARM = Ad-Hoc|ARM
		Ad-Hoc|iPhone = Ad-Hoc|iPhone
		Ad-Hoc|iPhoneSimulator = Ad-Hoc|iPhoneSimulator
		Ad-Hoc|x64 = Ad-Hoc|x64
		Ad-Hoc|x86 = Ad-Hoc|x86
		AppStore|Any CPU = AppStore|Any CPU
		AppStore|ARM = AppStore|ARM
		AppStore|iPhone = AppStore|iPhone
		AppStore|iPhoneSimulator = AppStore|iPhoneSimulator
		AppStore|x64 = AppStore|x64
		AppStore|x86 = AppStore|x86
		Debug|Any CPU = Debug|Any CPU
		Debug|ARM = Debug|ARM
		Debug|iPhone = Debug|iPhone
		Debug|iPhoneSimulator = Debug|iPhoneSimulator
		Debug|x64 = Debug|x64
		Debug|x86 = Debug|x86
		Release|Any CPU = Release|Any CPU
		Release|ARM = Release|ARM
		Release|iPhone = Release|iPhone
		Release|iPhoneSimulator = Release|iPhoneSimulator
		Release|x64 = Release|x64
		Release|x86 = Release|x86
	EndGlobalSection
	GlobalSection(ProjectConfigurationPlatforms) = postSolution
		{019CAA8A-83CE-4501-9B09-B0D91521EBC3}.Ad-Hoc|Any CPU.ActiveCfg = Release|Any CPU
		{019CAA8A-83CE-4501-9B09-B0D91521EBC3}.Ad-Hoc|Any CPU.Build.0 = Release|Any CPU
		{019CAA8A-83CE-4501-9B09-B0D91521EBC3}.Ad-Hoc|Any CPU.Deploy.0 = Release|Any CPU
		{019CAA8A-83CE-4501-9B09-B0D91521EBC3}.Ad-Hoc|ARM.ActiveCfg = Release|Any CPU
		{019CAA8A-83CE-4501-9B09-B0D91521EBC3}.Ad-Hoc|ARM.Build.0 = Release|Any CPU
		{019CAA8A-83CE-4501-9B09-B0D91521EBC3}.Ad-Hoc|ARM.Deploy.0 = Release|Any CPU
		{019CAA8A-83CE-4501-9B09-B0D91521EBC3}.Ad-Hoc|iPhone.ActiveCfg = Release|Any CPU
		{019CAA8A-83CE-4501-9B09-B0D91521EBC3}.Ad-Hoc|iPhone.Build.0 = Release|Any CPU
		{019CAA8A-83CE-4501-9B09-B0D91521EBC3}.Ad-Hoc|iPhone.Deploy.0 = Release|Any CPU
		{019CAA8A-83CE-4501-9B09-B0D91521EBC3}.Ad-Hoc|iPhoneSimulator.ActiveCfg = Release|Any CPU
		{019CAA8A-83CE-4501-9B09-B0D91521EBC3}.Ad-Hoc|iPhoneSimulator.Build.0 = Release|Any CPU
		{019CAA8A-83CE-4501-9B09-B0D91521EBC3}.Ad-Hoc|iPhoneSimulator.Deploy.0 = Release|Any CPU
		{019CAA8A-83CE-4501-9B09-B0D91521EBC3}.Ad-Hoc|x64.ActiveCfg = Release|Any CPU
		{019CAA8A-83CE-4501-9B09-B0D91521EBC3}.Ad-Hoc|x64.Build.0 = Release|Any CPU
		{019CAA8A-83CE-4501-9B09-B0D91521EBC3}.Ad-Hoc|x64.Deploy.0 = Release|Any CPU
		{019CAA8A-83CE-4501-9B09-B0D91521EBC3}.Ad-Hoc|x86.ActiveCfg = Release|Any CPU
		{019CAA8A-83CE-4501-9B09-B0D91521EBC3}.Ad-Hoc|x86.Build.0 = Release|Any CPU
		{019CAA8A-83CE-4501-9B09-B0D91521EBC3}.Ad-Hoc|x86.Deploy.0 = Release|Any CPU
		{019CAA8A-83CE-4501-9B09-B0D91521EBC3}.AppStore|Any CPU.ActiveCfg = Release|Any CPU
		{019CAA8A-83CE-4501-9B09-B0D91521EBC3}.AppStore|Any CPU.Build.0 = Release|Any CPU
		{019CAA8A-83CE-4501-9B09-B0D91521EBC3}.AppStore|Any CPU.Deploy.0 = Release|Any CPU
		{019CAA8A-83CE-4501-9B09-B0D91521EBC3}.AppStore|ARM.ActiveCfg = Release|Any CPU
		{019CAA8A-83CE-4501-9B09-B0D91521EBC3}.AppStore|ARM.Build.0 = Release|Any CPU
		{019CAA8A-83CE-4501-9B09-B0D91521EBC3}.AppStore|ARM.Deploy.0 = Release|Any CPU
		{019CAA8A-83CE-4501-9B09-B0D91521EBC3}.AppStore|iPhone.ActiveCfg = Release|Any CPU
		{019CAA8A-83CE-4501-9B09-B0D91521EBC3}.AppStore|iPhone.Build.0 = Release|Any CPU
		{019CAA8A-83CE-4501-9B09-B0D91521EBC3}.AppStore|iPhone.Deploy.0 = Release|Any CPU
		{019CAA8A-83CE-4501-9B09-B0D91521EBC3}.AppStore|iPhoneSimulator.ActiveCfg = Release|Any CPU
		{019CAA8A-83CE-4501-9B09-B0D91521EBC3}.AppStore|iPhoneSimulator.Build.0 = Release|Any CPU
		{019CAA8A-83CE-4501-9B09-B0D91521EBC3}.AppStore|iPhoneSimulator.Deploy.0 = Release|Any CPU
		{019CAA8A-83CE-4501-9B09-B0D91521EBC3}.AppStore|x64.ActiveCfg = Release|Any CPU
		{019CAA8A-83CE-4501-9B09-B0D91521EBC3}.AppStore|x64.Build.0 = Release|Any CPU
		{019CAA8A-83CE-4501-9B09-B0D91521EBC3}.AppStore|x64.Deploy.0 = Release|Any CPU
		{019CAA8A-83CE-4501-9B09-B0D91521EBC3}.AppStore|x86.ActiveCfg = Release|Any CPU
		{019CAA8A-83CE-4501-9B09-B0D91521EBC3}.AppStore|x86.Build.0 = Release|Any CPU
		{019CAA8A-83CE-4501-9B09-B0D91521EBC3}.AppStore|x86.Deploy.0 = Release|Any CPU
		{019CAA8A-83CE-4501-9B09-B0D91521EBC3}.Debug|Any CPU.ActiveCfg = Debug|Any CPU
		{019CAA8A-83CE-4501-9B09-B0D91521EBC3}.Debug|Any CPU.Build.0 = Debug|Any CPU
		{019CAA8A-83CE-4501-9B09-B0D91521EBC3}.Debug|Any CPU.Deploy.0 = Debug|Any CPU
		{019CAA8A-83CE-4501-9B09-B0D91521EBC3}.Debug|ARM.ActiveCfg = Debug|Any CPU
		{019CAA8A-83CE-4501-9B09-B0D91521EBC3}.Debug|ARM.Build.0 = Debug|Any CPU
		{019CAA8A-83CE-4501-9B09-B0D91521EBC3}.Debug|ARM.Deploy.0 = Debug|Any CPU
		{019CAA8A-83CE-4501-9B09-B0D91521EBC3}.Debug|iPhone.ActiveCfg = Debug|Any CPU
		{019CAA8A-83CE-4501-9B09-B0D91521EBC3}.Debug|iPhone.Build.0 = Debug|Any CPU
		{019CAA8A-83CE-4501-9B09-B0D91521EBC3}.Debug|iPhone.Deploy.0 = Debug|Any CPU
		{019CAA8A-83CE-4501-9B09-B0D91521EBC3}.Debug|iPhoneSimulator.ActiveCfg = Debug|Any CPU
		{019CAA8A-83CE-4501-9B09-B0D91521EBC3}.Debug|iPhoneSimulator.Build.0 = Debug|Any CPU
		{019CAA8A-83CE-4501-9B09-B0D91521EBC3}.Debug|iPhoneSimulator.Deploy.0 = Debug|Any CPU
		{019CAA8A-83CE-4501-9B09-B0D91521EBC3}.Debug|x64.ActiveCfg = Debug|Any CPU
		{019CAA8A-83CE-4501-9B09-B0D91521EBC3}.Debug|x64.Build.0 = Debug|Any CPU
		{019CAA8A-83CE-4501-9B09-B0D91521EBC3}.Debug|x64.Deploy.0 = Debug|Any CPU
		{019CAA8A-83CE-4501-9B09-B0D91521EBC3}.Debug|x86.ActiveCfg = Debug|Any CPU
		{019CAA8A-83CE-4501-9B09-B0D91521EBC3}.Debug|x86.Build.0 = Debug|Any CPU
		{019CAA8A-83CE-4501-9B09-B0D91521EBC3}.Debug|x86.Deploy.0 = Debug|Any CPU
		{019CAA8A-83CE-4501-9B09-B0D91521EBC3}.Release|Any CPU.ActiveCfg = Release|Any CPU
		{019CAA8A-83CE-4501-9B09-B0D91521EBC3}.Release|Any CPU.Build.0 = Release|Any CPU
		{019CAA8A-83CE-4501-9B09-B0D91521EBC3}.Release|Any CPU.Deploy.0 = Release|Any CPU
		{019CAA8A-83CE-4501-9B09-B0D91521EBC3}.Release|ARM.ActiveCfg = Release|Any CPU
		{019CAA8A-83CE-4501-9B09-B0D91521EBC3}.Release|ARM.Build.0 = Release|Any CPU
		{019CAA8A-83CE-4501-9B09-B0D91521EBC3}.Release|ARM.Deploy.0 = Release|Any CPU
		{019CAA8A-83CE-4501-9B09-B0D91521EBC3}.Release|iPhone.ActiveCfg = Release|Any CPU
		{019CAA8A-83CE-4501-9B09-B0D91521EBC3}.Release|iPhone.Build.0 = Release|Any CPU
		{019CAA8A-83CE-4501-9B09-B0D91521EBC3}.Release|iPhone.Deploy.0 = Release|Any CPU
		{019CAA8A-83CE-4501-9B09-B0D91521EBC3}.Release|iPhoneSimulator.ActiveCfg = Release|Any CPU
		{019CAA8A-83CE-4501-9B09-B0D91521EBC3}.Release|iPhoneSimulator.Build.0 = Release|Any CPU
		{019CAA8A-83CE-4501-9B09-B0D91521EBC3}.Release|iPhoneSimulator.Deploy.0 = Release|Any CPU
		{019CAA8A-83CE-4501-9B09-B0D91521EBC3}.Release|x64.ActiveCfg = Release|Any CPU
		{019CAA8A-83CE-4501-9B09-B0D91521EBC3}.Release|x64.Build.0 = Release|Any CPU
		{019CAA8A-83CE-4501-9B09-B0D91521EBC3}.Release|x64.Deploy.0 = Release|Any CPU
		{019CAA8A-83CE-4501-9B09-B0D91521EBC3}.Release|x86.ActiveCfg = Release|Any CPU
		{019CAA8A-83CE-4501-9B09-B0D91521EBC3}.Release|x86.Build.0 = Release|Any CPU
		{019CAA8A-83CE-4501-9B09-B0D91521EBC3}.Release|x86.Deploy.0 = Release|Any CPU
		{4010E838-E1EF-4B4B-ADE9-66203F9178EB}.Ad-Hoc|Any CPU.ActiveCfg = Ad-Hoc|iPhone
		{4010E838-E1EF-4B4B-ADE9-66203F9178EB}.Ad-Hoc|ARM.ActiveCfg = Ad-Hoc|iPhone
		{4010E838-E1EF-4B4B-ADE9-66203F9178EB}.Ad-Hoc|iPhone.ActiveCfg = Ad-Hoc|iPhone
		{4010E838-E1EF-4B4B-ADE9-66203F9178EB}.Ad-Hoc|iPhone.Build.0 = Ad-Hoc|iPhone
		{4010E838-E1EF-4B4B-ADE9-66203F9178EB}.Ad-Hoc|iPhoneSimulator.ActiveCfg = Ad-Hoc|iPhoneSimulator
		{4010E838-E1EF-4B4B-ADE9-66203F9178EB}.Ad-Hoc|iPhoneSimulator.Build.0 = Ad-Hoc|iPhoneSimulator
		{4010E838-E1EF-4B4B-ADE9-66203F9178EB}.Ad-Hoc|x64.ActiveCfg = Ad-Hoc|iPhone
		{4010E838-E1EF-4B4B-ADE9-66203F9178EB}.Ad-Hoc|x86.ActiveCfg = Ad-Hoc|iPhone
		{4010E838-E1EF-4B4B-ADE9-66203F9178EB}.AppStore|Any CPU.ActiveCfg = AppStore|iPhone
		{4010E838-E1EF-4B4B-ADE9-66203F9178EB}.AppStore|ARM.ActiveCfg = AppStore|iPhone
		{4010E838-E1EF-4B4B-ADE9-66203F9178EB}.AppStore|iPhone.ActiveCfg = AppStore|iPhone
		{4010E838-E1EF-4B4B-ADE9-66203F9178EB}.AppStore|iPhone.Build.0 = AppStore|iPhone
		{4010E838-E1EF-4B4B-ADE9-66203F9178EB}.AppStore|iPhoneSimulator.ActiveCfg = AppStore|iPhoneSimulator
		{4010E838-E1EF-4B4B-ADE9-66203F9178EB}.AppStore|iPhoneSimulator.Build.0 = AppStore|iPhoneSimulator
		{4010E838-E1EF-4B4B-ADE9-66203F9178EB}.AppStore|x64.ActiveCfg = AppStore|iPhone
		{4010E838-E1EF-4B4B-ADE9-66203F9178EB}.AppStore|x86.ActiveCfg = AppStore|iPhone
		{4010E838-E1EF-4B4B-ADE9-66203F9178EB}.Debug|Any CPU.ActiveCfg = Debug|iPhone
		{4010E838-E1EF-4B4B-ADE9-66203F9178EB}.Debug|ARM.ActiveCfg = Debug|iPhone
		{4010E838-E1EF-4B4B-ADE9-66203F9178EB}.Debug|iPhone.ActiveCfg = Debug|iPhone
		{4010E838-E1EF-4B4B-ADE9-66203F9178EB}.Debug|iPhone.Build.0 = Debug|iPhone
		{4010E838-E1EF-4B4B-ADE9-66203F9178EB}.Debug|iPhoneSimulator.ActiveCfg = Debug|iPhoneSimulator
		{4010E838-E1EF-4B4B-ADE9-66203F9178EB}.Debug|iPhoneSimulator.Build.0 = Debug|iPhoneSimulator
		{4010E838-E1EF-4B4B-ADE9-66203F9178EB}.Debug|x64.ActiveCfg = Debug|iPhone
		{4010E838-E1EF-4B4B-ADE9-66203F9178EB}.Debug|x86.ActiveCfg = Debug|iPhone
		{4010E838-E1EF-4B4B-ADE9-66203F9178EB}.Release|Any CPU.ActiveCfg = Release|iPhone
		{4010E838-E1EF-4B4B-ADE9-66203F9178EB}.Release|ARM.ActiveCfg = Release|iPhone
		{4010E838-E1EF-4B4B-ADE9-66203F9178EB}.Release|iPhone.ActiveCfg = Release|iPhone
		{4010E838-E1EF-4B4B-ADE9-66203F9178EB}.Release|iPhone.Build.0 = Release|iPhone
		{4010E838-E1EF-4B4B-ADE9-66203F9178EB}.Release|iPhoneSimulator.ActiveCfg = Release|iPhoneSimulator
		{4010E838-E1EF-4B4B-ADE9-66203F9178EB}.Release|iPhoneSimulator.Build.0 = Release|iPhoneSimulator
		{4010E838-E1EF-4B4B-ADE9-66203F9178EB}.Release|x64.ActiveCfg = Release|iPhone
		{4010E838-E1EF-4B4B-ADE9-66203F9178EB}.Release|x86.ActiveCfg = Release|iPhone
		{B925DF22-4052-4712-AEA8-38AA20C5639F}.Ad-Hoc|Any CPU.ActiveCfg = Release|x86
		{B925DF22-4052-4712-AEA8-38AA20C5639F}.Ad-Hoc|Any CPU.Build.0 = Release|x86
		{B925DF22-4052-4712-AEA8-38AA20C5639F}.Ad-Hoc|Any CPU.Deploy.0 = Release|x86
		{B925DF22-4052-4712-AEA8-38AA20C5639F}.Ad-Hoc|ARM.ActiveCfg = Release|ARM
		{B925DF22-4052-4712-AEA8-38AA20C5639F}.Ad-Hoc|ARM.Build.0 = Release|ARM
		{B925DF22-4052-4712-AEA8-38AA20C5639F}.Ad-Hoc|ARM.Deploy.0 = Release|ARM
		{B925DF22-4052-4712-AEA8-38AA20C5639F}.Ad-Hoc|iPhone.ActiveCfg = Release|x86
		{B925DF22-4052-4712-AEA8-38AA20C5639F}.Ad-Hoc|iPhone.Build.0 = Release|x86
		{B925DF22-4052-4712-AEA8-38AA20C5639F}.Ad-Hoc|iPhone.Deploy.0 = Release|x86
		{B925DF22-4052-4712-AEA8-38AA20C5639F}.Ad-Hoc|iPhoneSimulator.ActiveCfg = Release|x86
		{B925DF22-4052-4712-AEA8-38AA20C5639F}.Ad-Hoc|iPhoneSimulator.Build.0 = Release|x86
		{B925DF22-4052-4712-AEA8-38AA20C5639F}.Ad-Hoc|iPhoneSimulator.Deploy.0 = Release|x86
		{B925DF22-4052-4712-AEA8-38AA20C5639F}.Ad-Hoc|x64.ActiveCfg = Release|x64
		{B925DF22-4052-4712-AEA8-38AA20C5639F}.Ad-Hoc|x64.Build.0 = Release|x64
		{B925DF22-4052-4712-AEA8-38AA20C5639F}.Ad-Hoc|x64.Deploy.0 = Release|x64
		{B925DF22-4052-4712-AEA8-38AA20C5639F}.Ad-Hoc|x86.ActiveCfg = Release|x86
		{B925DF22-4052-4712-AEA8-38AA20C5639F}.Ad-Hoc|x86.Build.0 = Release|x86
		{B925DF22-4052-4712-AEA8-38AA20C5639F}.Ad-Hoc|x86.Deploy.0 = Release|x86
		{B925DF22-4052-4712-AEA8-38AA20C5639F}.AppStore|Any CPU.ActiveCfg = Release|x86
		{B925DF22-4052-4712-AEA8-38AA20C5639F}.AppStore|Any CPU.Build.0 = Release|x86
		{B925DF22-4052-4712-AEA8-38AA20C5639F}.AppStore|Any CPU.Deploy.0 = Release|x86
		{B925DF22-4052-4712-AEA8-38AA20C5639F}.AppStore|ARM.ActiveCfg = Release|ARM
		{B925DF22-4052-4712-AEA8-38AA20C5639F}.AppStore|ARM.Build.0 = Release|ARM
		{B925DF22-4052-4712-AEA8-38AA20C5639F}.AppStore|ARM.Deploy.0 = Release|ARM
		{B925DF22-4052-4712-AEA8-38AA20C5639F}.AppStore|iPhone.ActiveCfg = Release|x86
		{B925DF22-4052-4712-AEA8-38AA20C5639F}.AppStore|iPhone.Build.0 = Release|x86
		{B925DF22-4052-4712-AEA8-38AA20C5639F}.AppStore|iPhone.Deploy.0 = Release|x86
		{B925DF22-4052-4712-AEA8-38AA20C5639F}.AppStore|iPhoneSimulator.ActiveCfg = Release|x86
		{B925DF22-4052-4712-AEA8-38AA20C5639F}.AppStore|iPhoneSimulator.Build.0 = Release|x86
		{B925DF22-4052-4712-AEA8-38AA20C5639F}.AppStore|iPhoneSimulator.Deploy.0 = Release|x86
		{B925DF22-4052-4712-AEA8-38AA20C5639F}.AppStore|x64.ActiveCfg = Release|x64
		{B925DF22-4052-4712-AEA8-38AA20C5639F}.AppStore|x64.Build.0 = Release|x64
		{B925DF22-4052-4712-AEA8-38AA20C5639F}.AppStore|x64.Deploy.0 = Release|x64
		{B925DF22-4052-4712-AEA8-38AA20C5639F}.AppStore|x86.ActiveCfg = Release|x86
		{B925DF22-4052-4712-AEA8-38AA20C5639F}.AppStore|x86.Build.0 = Release|x86
		{B925DF22-4052-4712-AEA8-38AA20C5639F}.AppStore|x86.Deploy.0 = Release|x86
		{B925DF22-4052-4712-AEA8-38AA20C5639F}.Debug|Any CPU.ActiveCfg = Debug|x86
		{B925DF22-4052-4712-AEA8-38AA20C5639F}.Debug|ARM.ActiveCfg = Debug|ARM
		{B925DF22-4052-4712-AEA8-38AA20C5639F}.Debug|ARM.Build.0 = Debug|ARM
		{B925DF22-4052-4712-AEA8-38AA20C5639F}.Debug|ARM.Deploy.0 = Debug|ARM
		{B925DF22-4052-4712-AEA8-38AA20C5639F}.Debug|iPhone.ActiveCfg = Debug|x86
		{B925DF22-4052-4712-AEA8-38AA20C5639F}.Debug|iPhoneSimulator.ActiveCfg = Debug|x86
		{B925DF22-4052-4712-AEA8-38AA20C5639F}.Debug|x64.ActiveCfg = Debug|x64
		{B925DF22-4052-4712-AEA8-38AA20C5639F}.Debug|x64.Build.0 = Debug|x64
		{B925DF22-4052-4712-AEA8-38AA20C5639F}.Debug|x64.Deploy.0 = Debug|x64
		{B925DF22-4052-4712-AEA8-38AA20C5639F}.Debug|x86.ActiveCfg = Debug|x86
		{B925DF22-4052-4712-AEA8-38AA20C5639F}.Debug|x86.Build.0 = Debug|x86
		{B925DF22-4052-4712-AEA8-38AA20C5639F}.Debug|x86.Deploy.0 = Debug|x86
		{B925DF22-4052-4712-AEA8-38AA20C5639F}.Release|Any CPU.ActiveCfg = Release|x86
		{B925DF22-4052-4712-AEA8-38AA20C5639F}.Release|ARM.ActiveCfg = Release|ARM
		{B925DF22-4052-4712-AEA8-38AA20C5639F}.Release|ARM.Build.0 = Release|ARM
		{B925DF22-4052-4712-AEA8-38AA20C5639F}.Release|ARM.Deploy.0 = Release|ARM
		{B925DF22-4052-4712-AEA8-38AA20C5639F}.Release|iPhone.ActiveCfg = Release|x86
		{B925DF22-4052-4712-AEA8-38AA20C5639F}.Release|iPhoneSimulator.ActiveCfg = Release|x86
		{B925DF22-4052-4712-AEA8-38AA20C5639F}.Release|x64.ActiveCfg = Release|x64
		{B925DF22-4052-4712-AEA8-38AA20C5639F}.Release|x64.Build.0 = Release|x64
		{B925DF22-4052-4712-AEA8-38AA20C5639F}.Release|x64.Deploy.0 = Release|x64
		{B925DF22-4052-4712-AEA8-38AA20C5639F}.Release|x86.ActiveCfg = Release|x86
		{B925DF22-4052-4712-AEA8-38AA20C5639F}.Release|x86.Build.0 = Release|x86
		{B925DF22-4052-4712-AEA8-38AA20C5639F}.Release|x86.Deploy.0 = Release|x86
	EndGlobalSection
	GlobalSection(SolutionProperties) = preSolution
		HideSolutionNode = FALSE
	EndGlobalSection
EndGlobal
